
Microsoft Visual Studio Solution File, Format Version 12.00
# Visual Studio 15
Project("{FAE04EC0-301F-11D3-BF4B-00C04F79EFBC}") = "Assembly-CSharp", "Assembly-CSharp.csproj", "{5AD408D8-511A-327D-6D5A-6F8F85458B93}"
EndProject
Project("{FAE04EC0-301F-11D3-BF4B-00C04F79EFBC}") = "Assembly-CSharp-Editor", "Assembly-CSharp-Editor.csproj", "{C80EF182-9469-9EB3-6D2F-F173A6D39683}"
EndProject
Global
	GlobalSection(SolutionConfigurationPlatforms) = preSolution
		Debug|Any CPU = Debug|Any CPU
		Release|Any CPU = Release|Any CPU
	EndGlobalSection
	GlobalSection(ProjectConfigurationPlatforms) = postSolution
		{5AD408D8-511A-327D-6D5A-6F8F85458B93}.Debug|Any CPU.ActiveCfg = Debug|Any CPU
		{5AD408D8-511A-327D-6D5A-6F8F85458B93}.Debug|Any CPU.Build.0 = Debug|Any CPU
		{5AD408D8-511A-327D-6D5A-6F8F85458B93}.Release|Any CPU.ActiveCfg = Release|Any CPU
		{5AD408D8-511A-327D-6D5A-6F8F85458B93}.Release|Any CPU.Build.0 = Release|Any CPU
		{C80EF182-9469-9EB3-6D2F-F173A6D39683}.Debug|Any CPU.ActiveCfg = Debug|Any CPU
		{C80EF182-9469-9EB3-6D2F-F173A6D39683}.Debug|Any CPU.Build.0 = Debug|Any CPU
		{C80EF182-9469-9EB3-6D2F-F173A6D39683}.Release|Any CPU.ActiveCfg = Release|Any CPU
		{C80EF182-9469-9EB3-6D2F-F173A6D39683}.Release|Any CPU.Build.0 = Release|Any CPU
	EndGlobalSection
	GlobalSection(SolutionProperties) = preSolution
		HideSolutionNode = FALSE
	EndGlobalSection
EndGlobal
